
Microsoft Visual Studio Solution File, Format Version 12.00
Project("{FAE04EC0-301F-11D3-BF4B-00C04F79EFBC}") = "Async", "Async\Async.csproj", "{B1B7E74B-3F41-44EA-BB23-0008BEAB0338}"
EndProject
Project("{FAE04EC0-301F-11D3-BF4B-00C04F79EFBC}") = "For", "For\For.csproj", "{67690FEB-F230-4958-B965-9947F51B7FA4}"
EndProject
Project("{FAE04EC0-301F-11D3-BF4B-00C04F79EFBC}") = "SameNameMethod", "SameNameMethod\SameNameMethod.csproj", "{0CE55B06-FD62-4EFE-B377-C78B419D0834}"
EndProject
Project("{FAE04EC0-301F-11D3-BF4B-00C04F79EFBC}") = "SameNameMethod2", "SameNameMethod2\SameNameMethod2.csproj", "{FD65557D-6C5E-4BA3-89AC-93CE9FBD1169}"
EndProject
Project("{FAE04EC0-301F-11D3-BF4B-00C04F79EFBC}") = "Xor", "Xor\Xor.csproj", "{217DBDA8-9D1B-4723-ACA3-6FA3541442E0}"
EndProject
Project("{FAE04EC0-301F-11D3-BF4B-00C04F79EFBC}") = "TwoQuery", "TwoQuery\TwoQuery.csproj", "{D9F4E48A-4AE9-449C-90D0-1E44AEA4AB03}"
EndProject
Project("{FAE04EC0-301F-11D3-BF4B-00C04F79EFBC}") = "Lambda", "Lambda\Lambda.csproj", "{E2D6D9F4-7CCC-498A-A2A1-5E2E543B5D79}"
EndProject
Project("{FAE04EC0-301F-11D3-BF4B-00C04F79EFBC}") = "Capture", "Capture\Capture.csproj", "{359E4B3C-9464-488F-B383-36A794E2DF9C}"
EndProject
Project("{FAE04EC0-301F-11D3-BF4B-00C04F79EFBC}") = "LocalSpeed", "LocalSpeed\LocalSpeed.csproj", "{C78E5BA6-0EB0-402A-93B9-BDC5D4881F75}"
EndProject
Project("{FAE04EC0-301F-11D3-BF4B-00C04F79EFBC}") = "SwitchWithoutBreak", "SwitchWithoutBreak\SwitchWithoutBreak.csproj", "{751C498A-9586-4731-9E54-1131BBFC177A}"
EndProject
Project("{FAE04EC0-301F-11D3-BF4B-00C04F79EFBC}") = "Sort", "Sort\Sort.csproj", "{F132CDD7-2E4F-4AB1-BC8A-C52BD8495DFF}"
EndProject
Project("{FAE04EC0-301F-11D3-BF4B-00C04F79EFBC}") = "IfElse", "IfElse\IfElse.csproj", "{9B548540-91B3-4779-855C-C90CAF3A291F}"
EndProject
Project("{FAE04EC0-301F-11D3-BF4B-00C04F79EFBC}") = "DynamicType", "DynamicType\DynamicType.csproj", "{9E1D764E-7D30-46D7-BBB0-C49EE101262D}"
EndProject
Project("{FAE04EC0-301F-11D3-BF4B-00C04F79EFBC}") = "Finalizer", "Finalizer\Finalizer.csproj", "{A2CBA29E-0916-4273-A467-08E4DBC93038}"
EndProject
Project("{FAE04EC0-301F-11D3-BF4B-00C04F79EFBC}") = "Const", "Const\Const.csproj", "{85A5F67F-7D44-4A0B-A413-E4C9EDC6B1FA}"
EndProject
Project("{FAE04EC0-301F-11D3-BF4B-00C04F79EFBC}") = "SameCondition", "SameCondition\SameCondition.csproj", "{0A36379B-1FFE-49FC-A7D0-372FB63B2BD3}"
EndProject
Project("{FAE04EC0-301F-11D3-BF4B-00C04F79EFBC}") = "TwoWay", "TwoWay\TwoWay.csproj", "{0445C233-044D-4D1E-B973-A011E3F211F7}"
EndProject
Project("{FAE04EC0-301F-11D3-BF4B-00C04F79EFBC}") = "Record", "Record\Record.csproj", "{673131EB-DE68-46BE-B97E-ACED84DCBA36}"
EndProject
Project("{FAE04EC0-301F-11D3-BF4B-00C04F79EFBC}") = "Immutable", "Immutable\Immutable.csproj", "{4920CFF9-B555-4383-81D5-AD1C97CD18D1}"
EndProject
Project("{FAE04EC0-301F-11D3-BF4B-00C04F79EFBC}") = "InitArray", "InitArray\InitArray.csproj", "{4AE2C864-23E5-47A9-9017-EDD4A0447E2C}"
EndProject
Project("{FAE04EC0-301F-11D3-BF4B-00C04F79EFBC}") = "Reverse", "Reverse\Reverse.csproj", "{9205C95F-113E-448E-BC6E-9C80BB6EA383}"
EndProject
Project("{FAE04EC0-301F-11D3-BF4B-00C04F79EFBC}") = "ArrayDuplicate", "ArrayDuplicate\ArrayDuplicate.csproj", "{622110FE-97A5-4016-A24D-E169EE2E5B00}"
EndProject
Project("{FAE04EC0-301F-11D3-BF4B-00C04F79EFBC}") = "Single", "Single\Single.csproj", "{E59444C0-1E4E-4B78-9536-6B6A35832284}"
EndProject
Project("{FAE04EC0-301F-11D3-BF4B-00C04F79EFBC}") = "Array", "Array\Array.csproj", "{2B0339B8-A623-413F-8DB9-959C4458D7D0}"
EndProject
Project("{FAE04EC0-301F-11D3-BF4B-00C04F79EFBC}") = "DivByZero", "DivByZero\DivByZero.csproj", "{B2FACEDE-6AD1-4075-8FCC-8D84F05C8384}"
EndProject
Project("{FAE04EC0-301F-11D3-BF4B-00C04F79EFBC}") = "DoubleMax", "DoubleMax\DoubleMax.csproj", "{2617416D-7044-433A-A89E-D99A6723D154}"
EndProject
Global
	GlobalSection(SolutionConfigurationPlatforms) = preSolution
		Debug|Any CPU = Debug|Any CPU
		Release|Any CPU = Release|Any CPU
	EndGlobalSection
	GlobalSection(ProjectConfigurationPlatforms) = postSolution
		{B1B7E74B-3F41-44EA-BB23-0008BEAB0338}.Debug|Any CPU.ActiveCfg = Debug|Any CPU
		{B1B7E74B-3F41-44EA-BB23-0008BEAB0338}.Debug|Any CPU.Build.0 = Debug|Any CPU
		{B1B7E74B-3F41-44EA-BB23-0008BEAB0338}.Release|Any CPU.ActiveCfg = Release|Any CPU
		{B1B7E74B-3F41-44EA-BB23-0008BEAB0338}.Release|Any CPU.Build.0 = Release|Any CPU
		{67690FEB-F230-4958-B965-9947F51B7FA4}.Debug|Any CPU.ActiveCfg = Debug|Any CPU
		{67690FEB-F230-4958-B965-9947F51B7FA4}.Debug|Any CPU.Build.0 = Debug|Any CPU
		{67690FEB-F230-4958-B965-9947F51B7FA4}.Release|Any CPU.ActiveCfg = Release|Any CPU
		{67690FEB-F230-4958-B965-9947F51B7FA4}.Release|Any CPU.Build.0 = Release|Any CPU
		{0CE55B06-FD62-4EFE-B377-C78B419D0834}.Debug|Any CPU.ActiveCfg = Debug|Any CPU
		{0CE55B06-FD62-4EFE-B377-C78B419D0834}.Debug|Any CPU.Build.0 = Debug|Any CPU
		{0CE55B06-FD62-4EFE-B377-C78B419D0834}.Release|Any CPU.ActiveCfg = Release|Any CPU
		{0CE55B06-FD62-4EFE-B377-C78B419D0834}.Release|Any CPU.Build.0 = Release|Any CPU
		{FD65557D-6C5E-4BA3-89AC-93CE9FBD1169}.Debug|Any CPU.ActiveCfg = Debug|Any CPU
		{FD65557D-6C5E-4BA3-89AC-93CE9FBD1169}.Debug|Any CPU.Build.0 = Debug|Any CPU
		{FD65557D-6C5E-4BA3-89AC-93CE9FBD1169}.Release|Any CPU.ActiveCfg = Release|Any CPU
		{FD65557D-6C5E-4BA3-89AC-93CE9FBD1169}.Release|Any CPU.Build.0 = Release|Any CPU
		{217DBDA8-9D1B-4723-ACA3-6FA3541442E0}.Debug|Any CPU.ActiveCfg = Debug|Any CPU
		{217DBDA8-9D1B-4723-ACA3-6FA3541442E0}.Debug|Any CPU.Build.0 = Debug|Any CPU
		{217DBDA8-9D1B-4723-ACA3-6FA3541442E0}.Release|Any CPU.ActiveCfg = Release|Any CPU
		{217DBDA8-9D1B-4723-ACA3-6FA3541442E0}.Release|Any CPU.Build.0 = Release|Any CPU
		{D9F4E48A-4AE9-449C-90D0-1E44AEA4AB03}.Debug|Any CPU.ActiveCfg = Debug|Any CPU
		{D9F4E48A-4AE9-449C-90D0-1E44AEA4AB03}.Debug|Any CPU.Build.0 = Debug|Any CPU
		{D9F4E48A-4AE9-449C-90D0-1E44AEA4AB03}.Release|Any CPU.ActiveCfg = Release|Any CPU
		{D9F4E48A-4AE9-449C-90D0-1E44AEA4AB03}.Release|Any CPU.Build.0 = Release|Any CPU
		{E2D6D9F4-7CCC-498A-A2A1-5E2E543B5D79}.Debug|Any CPU.ActiveCfg = Debug|Any CPU
		{E2D6D9F4-7CCC-498A-A2A1-5E2E543B5D79}.Debug|Any CPU.Build.0 = Debug|Any CPU
		{E2D6D9F4-7CCC-498A-A2A1-5E2E543B5D79}.Release|Any CPU.ActiveCfg = Release|Any CPU
		{E2D6D9F4-7CCC-498A-A2A1-5E2E543B5D79}.Release|Any CPU.Build.0 = Release|Any CPU
		{359E4B3C-9464-488F-B383-36A794E2DF9C}.Debug|Any CPU.ActiveCfg = Debug|Any CPU
		{359E4B3C-9464-488F-B383-36A794E2DF9C}.Debug|Any CPU.Build.0 = Debug|Any CPU
		{359E4B3C-9464-488F-B383-36A794E2DF9C}.Release|Any CPU.ActiveCfg = Release|Any CPU
		{359E4B3C-9464-488F-B383-36A794E2DF9C}.Release|Any CPU.Build.0 = Release|Any CPU
		{C78E5BA6-0EB0-402A-93B9-BDC5D4881F75}.Debug|Any CPU.ActiveCfg = Debug|Any CPU
		{C78E5BA6-0EB0-402A-93B9-BDC5D4881F75}.Debug|Any CPU.Build.0 = Debug|Any CPU
		{C78E5BA6-0EB0-402A-93B9-BDC5D4881F75}.Release|Any CPU.ActiveCfg = Release|Any CPU
		{C78E5BA6-0EB0-402A-93B9-BDC5D4881F75}.Release|Any CPU.Build.0 = Release|Any CPU
		{751C498A-9586-4731-9E54-1131BBFC177A}.Debug|Any CPU.ActiveCfg = Debug|Any CPU
		{751C498A-9586-4731-9E54-1131BBFC177A}.Debug|Any CPU.Build.0 = Debug|Any CPU
		{751C498A-9586-4731-9E54-1131BBFC177A}.Release|Any CPU.ActiveCfg = Release|Any CPU
		{751C498A-9586-4731-9E54-1131BBFC177A}.Release|Any CPU.Build.0 = Release|Any CPU
		{F132CDD7-2E4F-4AB1-BC8A-C52BD8495DFF}.Debug|Any CPU.ActiveCfg = Debug|Any CPU
		{F132CDD7-2E4F-4AB1-BC8A-C52BD8495DFF}.Debug|Any CPU.Build.0 = Debug|Any CPU
		{F132CDD7-2E4F-4AB1-BC8A-C52BD8495DFF}.Release|Any CPU.ActiveCfg = Release|Any CPU
		{F132CDD7-2E4F-4AB1-BC8A-C52BD8495DFF}.Release|Any CPU.Build.0 = Release|Any CPU
		{9B548540-91B3-4779-855C-C90CAF3A291F}.Debug|Any CPU.ActiveCfg = Debug|Any CPU
		{9B548540-91B3-4779-855C-C90CAF3A291F}.Debug|Any CPU.Build.0 = Debug|Any CPU
		{9B548540-91B3-4779-855C-C90CAF3A291F}.Release|Any CPU.ActiveCfg = Release|Any CPU
		{9B548540-91B3-4779-855C-C90CAF3A291F}.Release|Any CPU.Build.0 = Release|Any CPU
		{9E1D764E-7D30-46D7-BBB0-C49EE101262D}.Debug|Any CPU.ActiveCfg = Debug|Any CPU
		{9E1D764E-7D30-46D7-BBB0-C49EE101262D}.Debug|Any CPU.Build.0 = Debug|Any CPU
		{9E1D764E-7D30-46D7-BBB0-C49EE101262D}.Release|Any CPU.ActiveCfg = Release|Any CPU
		{9E1D764E-7D30-46D7-BBB0-C49EE101262D}.Release|Any CPU.Build.0 = Release|Any CPU
		{A2CBA29E-0916-4273-A467-08E4DBC93038}.Debug|Any CPU.ActiveCfg = Debug|Any CPU
		{A2CBA29E-0916-4273-A467-08E4DBC93038}.Debug|Any CPU.Build.0 = Debug|Any CPU
		{A2CBA29E-0916-4273-A467-08E4DBC93038}.Release|Any CPU.ActiveCfg = Release|Any CPU
		{A2CBA29E-0916-4273-A467-08E4DBC93038}.Release|Any CPU.Build.0 = Release|Any CPU
		{85A5F67F-7D44-4A0B-A413-E4C9EDC6B1FA}.Debug|Any CPU.ActiveCfg = Debug|Any CPU
		{85A5F67F-7D44-4A0B-A413-E4C9EDC6B1FA}.Debug|Any CPU.Build.0 = Debug|Any CPU
		{85A5F67F-7D44-4A0B-A413-E4C9EDC6B1FA}.Release|Any CPU.ActiveCfg = Release|Any CPU
		{85A5F67F-7D44-4A0B-A413-E4C9EDC6B1FA}.Release|Any CPU.Build.0 = Release|Any CPU
		{0A36379B-1FFE-49FC-A7D0-372FB63B2BD3}.Debug|Any CPU.ActiveCfg = Debug|Any CPU
		{0A36379B-1FFE-49FC-A7D0-372FB63B2BD3}.Debug|Any CPU.Build.0 = Debug|Any CPU
		{0A36379B-1FFE-49FC-A7D0-372FB63B2BD3}.Release|Any CPU.ActiveCfg = Release|Any CPU
		{0A36379B-1FFE-49FC-A7D0-372FB63B2BD3}.Release|Any CPU.Build.0 = Release|Any CPU
		{0445C233-044D-4D1E-B973-A011E3F211F7}.Debug|Any CPU.ActiveCfg = Debug|Any CPU
		{0445C233-044D-4D1E-B973-A011E3F211F7}.Debug|Any CPU.Build.0 = Debug|Any CPU
		{0445C233-044D-4D1E-B973-A011E3F211F7}.Release|Any CPU.ActiveCfg = Release|Any CPU
		{0445C233-044D-4D1E-B973-A011E3F211F7}.Release|Any CPU.Build.0 = Release|Any CPU
		{673131EB-DE68-46BE-B97E-ACED84DCBA36}.Debug|Any CPU.ActiveCfg = Debug|Any CPU
		{673131EB-DE68-46BE-B97E-ACED84DCBA36}.Debug|Any CPU.Build.0 = Debug|Any CPU
		{673131EB-DE68-46BE-B97E-ACED84DCBA36}.Release|Any CPU.ActiveCfg = Release|Any CPU
		{673131EB-DE68-46BE-B97E-ACED84DCBA36}.Release|Any CPU.Build.0 = Release|Any CPU
		{4920CFF9-B555-4383-81D5-AD1C97CD18D1}.Debug|Any CPU.ActiveCfg = Debug|Any CPU
		{4920CFF9-B555-4383-81D5-AD1C97CD18D1}.Debug|Any CPU.Build.0 = Debug|Any CPU
		{4920CFF9-B555-4383-81D5-AD1C97CD18D1}.Release|Any CPU.ActiveCfg = Release|Any CPU
		{4920CFF9-B555-4383-81D5-AD1C97CD18D1}.Release|Any CPU.Build.0 = Release|Any CPU
		{4AE2C864-23E5-47A9-9017-EDD4A0447E2C}.Debug|Any CPU.ActiveCfg = Debug|Any CPU
		{4AE2C864-23E5-47A9-9017-EDD4A0447E2C}.Debug|Any CPU.Build.0 = Debug|Any CPU
		{4AE2C864-23E5-47A9-9017-EDD4A0447E2C}.Release|Any CPU.ActiveCfg = Release|Any CPU
		{4AE2C864-23E5-47A9-9017-EDD4A0447E2C}.Release|Any CPU.Build.0 = Release|Any CPU
		{9205C95F-113E-448E-BC6E-9C80BB6EA383}.Debug|Any CPU.ActiveCfg = Debug|Any CPU
		{9205C95F-113E-448E-BC6E-9C80BB6EA383}.Debug|Any CPU.Build.0 = Debug|Any CPU
		{9205C95F-113E-448E-BC6E-9C80BB6EA383}.Release|Any CPU.ActiveCfg = Release|Any CPU
		{9205C95F-113E-448E-BC6E-9C80BB6EA383}.Release|Any CPU.Build.0 = Release|Any CPU
		{622110FE-97A5-4016-A24D-E169EE2E5B00}.Debug|Any CPU.ActiveCfg = Debug|Any CPU
		{622110FE-97A5-4016-A24D-E169EE2E5B00}.Debug|Any CPU.Build.0 = Debug|Any CPU
		{622110FE-97A5-4016-A24D-E169EE2E5B00}.Release|Any CPU.ActiveCfg = Release|Any CPU
		{622110FE-97A5-4016-A24D-E169EE2E5B00}.Release|Any CPU.Build.0 = Release|Any CPU
		{E59444C0-1E4E-4B78-9536-6B6A35832284}.Debug|Any CPU.ActiveCfg = Debug|Any CPU
		{E59444C0-1E4E-4B78-9536-6B6A35832284}.Debug|Any CPU.Build.0 = Debug|Any CPU
		{E59444C0-1E4E-4B78-9536-6B6A35832284}.Release|Any CPU.ActiveCfg = Release|Any CPU
		{E59444C0-1E4E-4B78-9536-6B6A35832284}.Release|Any CPU.Build.0 = Release|Any CPU
		{2B0339B8-A623-413F-8DB9-959C4458D7D0}.Debug|Any CPU.ActiveCfg = Debug|Any CPU
		{2B0339B8-A623-413F-8DB9-959C4458D7D0}.Debug|Any CPU.Build.0 = Debug|Any CPU
		{2B0339B8-A623-413F-8DB9-959C4458D7D0}.Release|Any CPU.ActiveCfg = Release|Any CPU
		{2B0339B8-A623-413F-8DB9-959C4458D7D0}.Release|Any CPU.Build.0 = Release|Any CPU
		{B2FACEDE-6AD1-4075-8FCC-8D84F05C8384}.Debug|Any CPU.ActiveCfg = Debug|Any CPU
		{B2FACEDE-6AD1-4075-8FCC-8D84F05C8384}.Debug|Any CPU.Build.0 = Debug|Any CPU
		{B2FACEDE-6AD1-4075-8FCC-8D84F05C8384}.Release|Any CPU.ActiveCfg = Release|Any CPU
		{B2FACEDE-6AD1-4075-8FCC-8D84F05C8384}.Release|Any CPU.Build.0 = Release|Any CPU
		{2617416D-7044-433A-A89E-D99A6723D154}.Debug|Any CPU.ActiveCfg = Debug|Any CPU
		{2617416D-7044-433A-A89E-D99A6723D154}.Debug|Any CPU.Build.0 = Debug|Any CPU
		{2617416D-7044-433A-A89E-D99A6723D154}.Release|Any CPU.ActiveCfg = Release|Any CPU
		{2617416D-7044-433A-A89E-D99A6723D154}.Release|Any CPU.Build.0 = Release|Any CPU
	EndGlobalSection
EndGlobal
