
Microsoft Visual Studio Solution File, Format Version 12.00
Project("{FAE04EC0-301F-11D3-BF4B-00C04F79EFBC}") = "Async", "Async\Async.csproj", "{B1B7E74B-3F41-44EA-BB23-0008BEAB0338}"
EndProject
Project("{FAE04EC0-301F-11D3-BF4B-00C04F79EFBC}") = "For", "For\For.csproj", "{67690FEB-F230-4958-B965-9947F51B7FA4}"
EndProject
Project("{FAE04EC0-301F-11D3-BF4B-00C04F79EFBC}") = "SameNameMethod", "SameNameMethod\SameNameMethod.csproj", "{0CE55B06-FD62-4EFE-B377-C78B419D0834}"
EndProject
Project("{FAE04EC0-301F-11D3-BF4B-00C04F79EFBC}") = "SameNameMethod2", "SameNameMethod2\SameNameMethod2.csproj", "{FD65557D-6C5E-4BA3-89AC-93CE9FBD1169}"
EndProject
Project("{FAE04EC0-301F-11D3-BF4B-00C04F79EFBC}") = "Xor", "Xor\Xor.csproj", "{217DBDA8-9D1B-4723-ACA3-6FA3541442E0}"
EndProject
Project("{FAE04EC0-301F-11D3-BF4B-00C04F79EFBC}") = "TwoQuery", "TwoQuery\TwoQuery.csproj", "{D9F4E48A-4AE9-449C-90D0-1E44AEA4AB03}"
EndProject
Global
	GlobalSection(SolutionConfigurationPlatforms) = preSolution
		Debug|Any CPU = Debug|Any CPU
		Release|Any CPU = Release|Any CPU
	EndGlobalSection
	GlobalSection(ProjectConfigurationPlatforms) = postSolution
		{B1B7E74B-3F41-44EA-BB23-0008BEAB0338}.Debug|Any CPU.ActiveCfg = Debug|Any CPU
		{B1B7E74B-3F41-44EA-BB23-0008BEAB0338}.Debug|Any CPU.Build.0 = Debug|Any CPU
		{B1B7E74B-3F41-44EA-BB23-0008BEAB0338}.Release|Any CPU.ActiveCfg = Release|Any CPU
		{B1B7E74B-3F41-44EA-BB23-0008BEAB0338}.Release|Any CPU.Build.0 = Release|Any CPU
		{67690FEB-F230-4958-B965-9947F51B7FA4}.Debug|Any CPU.ActiveCfg = Debug|Any CPU
		{67690FEB-F230-4958-B965-9947F51B7FA4}.Debug|Any CPU.Build.0 = Debug|Any CPU
		{67690FEB-F230-4958-B965-9947F51B7FA4}.Release|Any CPU.ActiveCfg = Release|Any CPU
		{67690FEB-F230-4958-B965-9947F51B7FA4}.Release|Any CPU.Build.0 = Release|Any CPU
		{0CE55B06-FD62-4EFE-B377-C78B419D0834}.Debug|Any CPU.ActiveCfg = Debug|Any CPU
		{0CE55B06-FD62-4EFE-B377-C78B419D0834}.Debug|Any CPU.Build.0 = Debug|Any CPU
		{0CE55B06-FD62-4EFE-B377-C78B419D0834}.Release|Any CPU.ActiveCfg = Release|Any CPU
		{0CE55B06-FD62-4EFE-B377-C78B419D0834}.Release|Any CPU.Build.0 = Release|Any CPU
		{FD65557D-6C5E-4BA3-89AC-93CE9FBD1169}.Debug|Any CPU.ActiveCfg = Debug|Any CPU
		{FD65557D-6C5E-4BA3-89AC-93CE9FBD1169}.Debug|Any CPU.Build.0 = Debug|Any CPU
		{FD65557D-6C5E-4BA3-89AC-93CE9FBD1169}.Release|Any CPU.ActiveCfg = Release|Any CPU
		{FD65557D-6C5E-4BA3-89AC-93CE9FBD1169}.Release|Any CPU.Build.0 = Release|Any CPU
		{217DBDA8-9D1B-4723-ACA3-6FA3541442E0}.Debug|Any CPU.ActiveCfg = Debug|Any CPU
		{217DBDA8-9D1B-4723-ACA3-6FA3541442E0}.Debug|Any CPU.Build.0 = Debug|Any CPU
		{217DBDA8-9D1B-4723-ACA3-6FA3541442E0}.Release|Any CPU.ActiveCfg = Release|Any CPU
		{217DBDA8-9D1B-4723-ACA3-6FA3541442E0}.Release|Any CPU.Build.0 = Release|Any CPU
		{D9F4E48A-4AE9-449C-90D0-1E44AEA4AB03}.Debug|Any CPU.ActiveCfg = Debug|Any CPU
		{D9F4E48A-4AE9-449C-90D0-1E44AEA4AB03}.Debug|Any CPU.Build.0 = Debug|Any CPU
		{D9F4E48A-4AE9-449C-90D0-1E44AEA4AB03}.Release|Any CPU.ActiveCfg = Release|Any CPU
		{D9F4E48A-4AE9-449C-90D0-1E44AEA4AB03}.Release|Any CPU.Build.0 = Release|Any CPU
	EndGlobalSection
EndGlobal
