
Microsoft Visual Studio Solution File, Format Version 12.00
Project("{FAE04EC0-301F-11D3-BF4B-00C04F79EFBC}") = "Async", "Async\Async.csproj", "{B1B7E74B-3F41-44EA-BB23-0008BEAB0338}"
EndProject
Project("{FAE04EC0-301F-11D3-BF4B-00C04F79EFBC}") = "For", "For\For.csproj", "{67690FEB-F230-4958-B965-9947F51B7FA4}"
EndProject
Project("{FAE04EC0-301F-11D3-BF4B-00C04F79EFBC}") = "SameNameMethod", "SameNameMethod\SameNameMethod.csproj", "{0CE55B06-FD62-4EFE-B377-C78B419D0834}"
EndProject
Project("{FAE04EC0-301F-11D3-BF4B-00C04F79EFBC}") = "SameNameMethod2", "SameNameMethod2\SameNameMethod2.csproj", "{FD65557D-6C5E-4BA3-89AC-93CE9FBD1169}"
EndProject
Project("{FAE04EC0-301F-11D3-BF4B-00C04F79EFBC}") = "Xor", "Xor\Xor.csproj", "{217DBDA8-9D1B-4723-ACA3-6FA3541442E0}"
EndProject
Project("{FAE04EC0-301F-11D3-BF4B-00C04F79EFBC}") = "TwoQuery", "TwoQuery\TwoQuery.csproj", "{D9F4E48A-4AE9-449C-90D0-1E44AEA4AB03}"
EndProject
Project("{FAE04EC0-301F-11D3-BF4B-00C04F79EFBC}") = "Lambda", "Lambda\Lambda.csproj", "{E2D6D9F4-7CCC-498A-A2A1-5E2E543B5D79}"
EndProject
Project("{FAE04EC0-301F-11D3-BF4B-00C04F79EFBC}") = "Capture", "Capture\Capture.csproj", "{359E4B3C-9464-488F-B383-36A794E2DF9C}"
EndProject
Project("{FAE04EC0-301F-11D3-BF4B-00C04F79EFBC}") = "LocalSpeed", "LocalSpeed\LocalSpeed.csproj", "{C78E5BA6-0EB0-402A-93B9-BDC5D4881F75}"
EndProject
Project("{FAE04EC0-301F-11D3-BF4B-00C04F79EFBC}") = "SwitchWithoutBreak", "SwitchWithoutBreak\SwitchWithoutBreak.csproj", "{751C498A-9586-4731-9E54-1131BBFC177A}"
EndProject
Project("{FAE04EC0-301F-11D3-BF4B-00C04F79EFBC}") = "Sort", "Sort\Sort.csproj", "{F132CDD7-2E4F-4AB1-BC8A-C52BD8495DFF}"
EndProject
Project("{FAE04EC0-301F-11D3-BF4B-00C04F79EFBC}") = "IfElse", "IfElse\IfElse.csproj", "{9B548540-91B3-4779-855C-C90CAF3A291F}"
EndProject
Project("{FAE04EC0-301F-11D3-BF4B-00C04F79EFBC}") = "DynamicType", "DynamicType\DynamicType.csproj", "{9E1D764E-7D30-46D7-BBB0-C49EE101262D}"
EndProject
Project("{FAE04EC0-301F-11D3-BF4B-00C04F79EFBC}") = "Finalizer", "Finalizer\Finalizer.csproj", "{A2CBA29E-0916-4273-A467-08E4DBC93038}"
EndProject
Project("{FAE04EC0-301F-11D3-BF4B-00C04F79EFBC}") = "Const", "Const\Const.csproj", "{85A5F67F-7D44-4A0B-A413-E4C9EDC6B1FA}"
EndProject
Project("{FAE04EC0-301F-11D3-BF4B-00C04F79EFBC}") = "SameCondition", "SameCondition\SameCondition.csproj", "{0A36379B-1FFE-49FC-A7D0-372FB63B2BD3}"
EndProject
Project("{FAE04EC0-301F-11D3-BF4B-00C04F79EFBC}") = "TwoWay", "TwoWay\TwoWay.csproj", "{0445C233-044D-4D1E-B973-A011E3F211F7}"
EndProject
Project("{FAE04EC0-301F-11D3-BF4B-00C04F79EFBC}") = "Record", "Record\Record.csproj", "{673131EB-DE68-46BE-B97E-ACED84DCBA36}"
EndProject
Project("{FAE04EC0-301F-11D3-BF4B-00C04F79EFBC}") = "Immutable", "Immutable\Immutable.csproj", "{4920CFF9-B555-4383-81D5-AD1C97CD18D1}"
EndProject
Project("{FAE04EC0-301F-11D3-BF4B-00C04F79EFBC}") = "InitArray", "InitArray\InitArray.csproj", "{4AE2C864-23E5-47A9-9017-EDD4A0447E2C}"
EndProject
Project("{FAE04EC0-301F-11D3-BF4B-00C04F79EFBC}") = "Reverse", "Reverse\Reverse.csproj", "{9205C95F-113E-448E-BC6E-9C80BB6EA383}"
EndProject
Project("{FAE04EC0-301F-11D3-BF4B-00C04F79EFBC}") = "ArrayDuplicate", "ArrayDuplicate\ArrayDuplicate.csproj", "{622110FE-97A5-4016-A24D-E169EE2E5B00}"
EndProject
Project("{FAE04EC0-301F-11D3-BF4B-00C04F79EFBC}") = "Single", "Single\Single.csproj", "{E59444C0-1E4E-4B78-9536-6B6A35832284}"
EndProject
Project("{FAE04EC0-301F-11D3-BF4B-00C04F79EFBC}") = "Array", "Array\Array.csproj", "{2B0339B8-A623-413F-8DB9-959C4458D7D0}"
EndProject
Project("{FAE04EC0-301F-11D3-BF4B-00C04F79EFBC}") = "DivByZero", "DivByZero\DivByZero.csproj", "{B2FACEDE-6AD1-4075-8FCC-8D84F05C8384}"
EndProject
Project("{FAE04EC0-301F-11D3-BF4B-00C04F79EFBC}") = "DoubleMax", "DoubleMax\DoubleMax.csproj", "{2617416D-7044-433A-A89E-D99A6723D154}"
EndProject
Project("{FAE04EC0-301F-11D3-BF4B-00C04F79EFBC}") = "Negative", "Negative\Negative.csproj", "{4962DBEE-876A-4BF6-9BBB-E4AB74C8DC8B}"
EndProject
Project("{FAE04EC0-301F-11D3-BF4B-00C04F79EFBC}") = "NumberOfDigits", "NumberOfDigits\NumberOfDigits.csproj", "{09570066-0B0A-422E-B8A0-7CF1200F834C}"
EndProject
Project("{FAE04EC0-301F-11D3-BF4B-00C04F79EFBC}") = "SumOneLine", "SumOneLine\SumOneLine.csproj", "{867032B6-F2E5-4DA9-9204-28008BF4FE7B}"
EndProject
Project("{FAE04EC0-301F-11D3-BF4B-00C04F79EFBC}") = "DiffDateTime", "DiffDateTime\DiffDateTime.csproj", "{DEE8C8E2-B789-444F-8D20-0F11BE91B8FF}"
EndProject
Project("{FAE04EC0-301F-11D3-BF4B-00C04F79EFBC}") = "Average", "Average\Average.csproj", "{A8D5F480-291B-4AD2-8BB2-A73606A9BCBA}"
EndProject
Project("{FAE04EC0-301F-11D3-BF4B-00C04F79EFBC}") = "Average2", "Average2\Average2.csproj", "{EEB5E76C-7684-4D69-9279-4ED3E09E6076}"
EndProject
Project("{FAE04EC0-301F-11D3-BF4B-00C04F79EFBC}") = "Max3", "Max3\Max3.csproj", "{0DC47269-70A3-47E9-A048-3DAC9F107C9A}"
EndProject
Project("{FAE04EC0-301F-11D3-BF4B-00C04F79EFBC}") = "PI", "PI\PI.csproj", "{FFF302C1-DA7A-4DF2-9542-B2B2C3E4703E}"
EndProject
Project("{FAE04EC0-301F-11D3-BF4B-00C04F79EFBC}") = "Trim", "Trim\Trim.csproj", "{4D4334B7-D9D4-42EE-98BF-9A5B2A5230A3}"
EndProject
Project("{FAE04EC0-301F-11D3-BF4B-00C04F79EFBC}") = "StringReplace", "StringReplace\StringReplace.csproj", "{ADDCCF29-18F1-40AC-8BF7-D64659CBE849}"
EndProject
Project("{FAE04EC0-301F-11D3-BF4B-00C04F79EFBC}") = "StringEnd", "StringEnd\StringEnd.csproj", "{DA42E5AF-B2CF-4976-8749-825615605CB0}"
EndProject
Project("{FAE04EC0-301F-11D3-BF4B-00C04F79EFBC}") = "NumberCharCode", "NumberCharCode\NumberCharCode.csproj", "{24869E2B-1DF1-4D44-B855-4227C088288E}"
EndProject
Project("{FAE04EC0-301F-11D3-BF4B-00C04F79EFBC}") = "FirstLast", "FirstLast\FirstLast.csproj", "{78D9C5FD-6C10-45EC-8D2F-40BB3E90B4B4}"
EndProject
Project("{FAE04EC0-301F-11D3-BF4B-00C04F79EFBC}") = "AtoZ", "AtoZ\AtoZ.csproj", "{57E63364-0376-45CA-8932-E0BBF7B2AAD3}"
EndProject
Project("{FAE04EC0-301F-11D3-BF4B-00C04F79EFBC}") = "UpperOnly", "UpperOnly\UpperOnly.csproj", "{15CADBDB-0805-4D72-8864-2085C8529FC0}"
EndProject
Project("{FAE04EC0-301F-11D3-BF4B-00C04F79EFBC}") = "SwapChar", "SwapChar\SwapChar.csproj", "{3370646E-CD71-4544-A7DC-0F6958AFD8B0}"
EndProject
Project("{FAE04EC0-301F-11D3-BF4B-00C04F79EFBC}") = "Path2", "Path2\Path2.csproj", "{5B73E38F-63C4-4FAD-B793-F07D05821811}"
EndProject
Project("{FAE04EC0-301F-11D3-BF4B-00C04F79EFBC}") = "RightAndLeft", "RightAndLeft\RightAndLeft.csproj", "{06461FC2-2344-491D-9F8E-DC51314B4E8C}"
EndProject
Project("{FAE04EC0-301F-11D3-BF4B-00C04F79EFBC}") = "MyAttribute", "MyAttribute\MyAttribute.csproj", "{DD4AEE3D-F03E-461E-B0C3-D1CEB0D59389}"
EndProject
Project("{FAE04EC0-301F-11D3-BF4B-00C04F79EFBC}") = "RealtimeKeyscan", "RealtimeKeyscan\RealtimeKeyscan.csproj", "{68A4B277-2E7A-48DC-8CDE-29BC66DC04FD}"
EndProject
Project("{FAE04EC0-301F-11D3-BF4B-00C04F79EFBC}") = "Environment", "Environment\Environment.csproj", "{8F751924-4497-4977-8291-F93BCF598D9D}"
EndProject
Global
	GlobalSection(SolutionConfigurationPlatforms) = preSolution
		Debug|Any CPU = Debug|Any CPU
		Release|Any CPU = Release|Any CPU
	EndGlobalSection
	GlobalSection(ProjectConfigurationPlatforms) = postSolution
		{B1B7E74B-3F41-44EA-BB23-0008BEAB0338}.Debug|Any CPU.ActiveCfg = Debug|Any CPU
		{B1B7E74B-3F41-44EA-BB23-0008BEAB0338}.Debug|Any CPU.Build.0 = Debug|Any CPU
		{B1B7E74B-3F41-44EA-BB23-0008BEAB0338}.Release|Any CPU.ActiveCfg = Release|Any CPU
		{B1B7E74B-3F41-44EA-BB23-0008BEAB0338}.Release|Any CPU.Build.0 = Release|Any CPU
		{67690FEB-F230-4958-B965-9947F51B7FA4}.Debug|Any CPU.ActiveCfg = Debug|Any CPU
		{67690FEB-F230-4958-B965-9947F51B7FA4}.Debug|Any CPU.Build.0 = Debug|Any CPU
		{67690FEB-F230-4958-B965-9947F51B7FA4}.Release|Any CPU.ActiveCfg = Release|Any CPU
		{67690FEB-F230-4958-B965-9947F51B7FA4}.Release|Any CPU.Build.0 = Release|Any CPU
		{0CE55B06-FD62-4EFE-B377-C78B419D0834}.Debug|Any CPU.ActiveCfg = Debug|Any CPU
		{0CE55B06-FD62-4EFE-B377-C78B419D0834}.Debug|Any CPU.Build.0 = Debug|Any CPU
		{0CE55B06-FD62-4EFE-B377-C78B419D0834}.Release|Any CPU.ActiveCfg = Release|Any CPU
		{0CE55B06-FD62-4EFE-B377-C78B419D0834}.Release|Any CPU.Build.0 = Release|Any CPU
		{FD65557D-6C5E-4BA3-89AC-93CE9FBD1169}.Debug|Any CPU.ActiveCfg = Debug|Any CPU
		{FD65557D-6C5E-4BA3-89AC-93CE9FBD1169}.Debug|Any CPU.Build.0 = Debug|Any CPU
		{FD65557D-6C5E-4BA3-89AC-93CE9FBD1169}.Release|Any CPU.ActiveCfg = Release|Any CPU
		{FD65557D-6C5E-4BA3-89AC-93CE9FBD1169}.Release|Any CPU.Build.0 = Release|Any CPU
		{217DBDA8-9D1B-4723-ACA3-6FA3541442E0}.Debug|Any CPU.ActiveCfg = Debug|Any CPU
		{217DBDA8-9D1B-4723-ACA3-6FA3541442E0}.Debug|Any CPU.Build.0 = Debug|Any CPU
		{217DBDA8-9D1B-4723-ACA3-6FA3541442E0}.Release|Any CPU.ActiveCfg = Release|Any CPU
		{217DBDA8-9D1B-4723-ACA3-6FA3541442E0}.Release|Any CPU.Build.0 = Release|Any CPU
		{D9F4E48A-4AE9-449C-90D0-1E44AEA4AB03}.Debug|Any CPU.ActiveCfg = Debug|Any CPU
		{D9F4E48A-4AE9-449C-90D0-1E44AEA4AB03}.Debug|Any CPU.Build.0 = Debug|Any CPU
		{D9F4E48A-4AE9-449C-90D0-1E44AEA4AB03}.Release|Any CPU.ActiveCfg = Release|Any CPU
		{D9F4E48A-4AE9-449C-90D0-1E44AEA4AB03}.Release|Any CPU.Build.0 = Release|Any CPU
		{E2D6D9F4-7CCC-498A-A2A1-5E2E543B5D79}.Debug|Any CPU.ActiveCfg = Debug|Any CPU
		{E2D6D9F4-7CCC-498A-A2A1-5E2E543B5D79}.Debug|Any CPU.Build.0 = Debug|Any CPU
		{E2D6D9F4-7CCC-498A-A2A1-5E2E543B5D79}.Release|Any CPU.ActiveCfg = Release|Any CPU
		{E2D6D9F4-7CCC-498A-A2A1-5E2E543B5D79}.Release|Any CPU.Build.0 = Release|Any CPU
		{359E4B3C-9464-488F-B383-36A794E2DF9C}.Debug|Any CPU.ActiveCfg = Debug|Any CPU
		{359E4B3C-9464-488F-B383-36A794E2DF9C}.Debug|Any CPU.Build.0 = Debug|Any CPU
		{359E4B3C-9464-488F-B383-36A794E2DF9C}.Release|Any CPU.ActiveCfg = Release|Any CPU
		{359E4B3C-9464-488F-B383-36A794E2DF9C}.Release|Any CPU.Build.0 = Release|Any CPU
		{C78E5BA6-0EB0-402A-93B9-BDC5D4881F75}.Debug|Any CPU.ActiveCfg = Debug|Any CPU
		{C78E5BA6-0EB0-402A-93B9-BDC5D4881F75}.Debug|Any CPU.Build.0 = Debug|Any CPU
		{C78E5BA6-0EB0-402A-93B9-BDC5D4881F75}.Release|Any CPU.ActiveCfg = Release|Any CPU
		{C78E5BA6-0EB0-402A-93B9-BDC5D4881F75}.Release|Any CPU.Build.0 = Release|Any CPU
		{751C498A-9586-4731-9E54-1131BBFC177A}.Debug|Any CPU.ActiveCfg = Debug|Any CPU
		{751C498A-9586-4731-9E54-1131BBFC177A}.Debug|Any CPU.Build.0 = Debug|Any CPU
		{751C498A-9586-4731-9E54-1131BBFC177A}.Release|Any CPU.ActiveCfg = Release|Any CPU
		{751C498A-9586-4731-9E54-1131BBFC177A}.Release|Any CPU.Build.0 = Release|Any CPU
		{F132CDD7-2E4F-4AB1-BC8A-C52BD8495DFF}.Debug|Any CPU.ActiveCfg = Debug|Any CPU
		{F132CDD7-2E4F-4AB1-BC8A-C52BD8495DFF}.Debug|Any CPU.Build.0 = Debug|Any CPU
		{F132CDD7-2E4F-4AB1-BC8A-C52BD8495DFF}.Release|Any CPU.ActiveCfg = Release|Any CPU
		{F132CDD7-2E4F-4AB1-BC8A-C52BD8495DFF}.Release|Any CPU.Build.0 = Release|Any CPU
		{9B548540-91B3-4779-855C-C90CAF3A291F}.Debug|Any CPU.ActiveCfg = Debug|Any CPU
		{9B548540-91B3-4779-855C-C90CAF3A291F}.Debug|Any CPU.Build.0 = Debug|Any CPU
		{9B548540-91B3-4779-855C-C90CAF3A291F}.Release|Any CPU.ActiveCfg = Release|Any CPU
		{9B548540-91B3-4779-855C-C90CAF3A291F}.Release|Any CPU.Build.0 = Release|Any CPU
		{9E1D764E-7D30-46D7-BBB0-C49EE101262D}.Debug|Any CPU.ActiveCfg = Debug|Any CPU
		{9E1D764E-7D30-46D7-BBB0-C49EE101262D}.Debug|Any CPU.Build.0 = Debug|Any CPU
		{9E1D764E-7D30-46D7-BBB0-C49EE101262D}.Release|Any CPU.ActiveCfg = Release|Any CPU
		{9E1D764E-7D30-46D7-BBB0-C49EE101262D}.Release|Any CPU.Build.0 = Release|Any CPU
		{A2CBA29E-0916-4273-A467-08E4DBC93038}.Debug|Any CPU.ActiveCfg = Debug|Any CPU
		{A2CBA29E-0916-4273-A467-08E4DBC93038}.Debug|Any CPU.Build.0 = Debug|Any CPU
		{A2CBA29E-0916-4273-A467-08E4DBC93038}.Release|Any CPU.ActiveCfg = Release|Any CPU
		{A2CBA29E-0916-4273-A467-08E4DBC93038}.Release|Any CPU.Build.0 = Release|Any CPU
		{85A5F67F-7D44-4A0B-A413-E4C9EDC6B1FA}.Debug|Any CPU.ActiveCfg = Debug|Any CPU
		{85A5F67F-7D44-4A0B-A413-E4C9EDC6B1FA}.Debug|Any CPU.Build.0 = Debug|Any CPU
		{85A5F67F-7D44-4A0B-A413-E4C9EDC6B1FA}.Release|Any CPU.ActiveCfg = Release|Any CPU
		{85A5F67F-7D44-4A0B-A413-E4C9EDC6B1FA}.Release|Any CPU.Build.0 = Release|Any CPU
		{0A36379B-1FFE-49FC-A7D0-372FB63B2BD3}.Debug|Any CPU.ActiveCfg = Debug|Any CPU
		{0A36379B-1FFE-49FC-A7D0-372FB63B2BD3}.Debug|Any CPU.Build.0 = Debug|Any CPU
		{0A36379B-1FFE-49FC-A7D0-372FB63B2BD3}.Release|Any CPU.ActiveCfg = Release|Any CPU
		{0A36379B-1FFE-49FC-A7D0-372FB63B2BD3}.Release|Any CPU.Build.0 = Release|Any CPU
		{0445C233-044D-4D1E-B973-A011E3F211F7}.Debug|Any CPU.ActiveCfg = Debug|Any CPU
		{0445C233-044D-4D1E-B973-A011E3F211F7}.Debug|Any CPU.Build.0 = Debug|Any CPU
		{0445C233-044D-4D1E-B973-A011E3F211F7}.Release|Any CPU.ActiveCfg = Release|Any CPU
		{0445C233-044D-4D1E-B973-A011E3F211F7}.Release|Any CPU.Build.0 = Release|Any CPU
		{673131EB-DE68-46BE-B97E-ACED84DCBA36}.Debug|Any CPU.ActiveCfg = Debug|Any CPU
		{673131EB-DE68-46BE-B97E-ACED84DCBA36}.Debug|Any CPU.Build.0 = Debug|Any CPU
		{673131EB-DE68-46BE-B97E-ACED84DCBA36}.Release|Any CPU.ActiveCfg = Release|Any CPU
		{673131EB-DE68-46BE-B97E-ACED84DCBA36}.Release|Any CPU.Build.0 = Release|Any CPU
		{4920CFF9-B555-4383-81D5-AD1C97CD18D1}.Debug|Any CPU.ActiveCfg = Debug|Any CPU
		{4920CFF9-B555-4383-81D5-AD1C97CD18D1}.Debug|Any CPU.Build.0 = Debug|Any CPU
		{4920CFF9-B555-4383-81D5-AD1C97CD18D1}.Release|Any CPU.ActiveCfg = Release|Any CPU
		{4920CFF9-B555-4383-81D5-AD1C97CD18D1}.Release|Any CPU.Build.0 = Release|Any CPU
		{4AE2C864-23E5-47A9-9017-EDD4A0447E2C}.Debug|Any CPU.ActiveCfg = Debug|Any CPU
		{4AE2C864-23E5-47A9-9017-EDD4A0447E2C}.Debug|Any CPU.Build.0 = Debug|Any CPU
		{4AE2C864-23E5-47A9-9017-EDD4A0447E2C}.Release|Any CPU.ActiveCfg = Release|Any CPU
		{4AE2C864-23E5-47A9-9017-EDD4A0447E2C}.Release|Any CPU.Build.0 = Release|Any CPU
		{9205C95F-113E-448E-BC6E-9C80BB6EA383}.Debug|Any CPU.ActiveCfg = Debug|Any CPU
		{9205C95F-113E-448E-BC6E-9C80BB6EA383}.Debug|Any CPU.Build.0 = Debug|Any CPU
		{9205C95F-113E-448E-BC6E-9C80BB6EA383}.Release|Any CPU.ActiveCfg = Release|Any CPU
		{9205C95F-113E-448E-BC6E-9C80BB6EA383}.Release|Any CPU.Build.0 = Release|Any CPU
		{622110FE-97A5-4016-A24D-E169EE2E5B00}.Debug|Any CPU.ActiveCfg = Debug|Any CPU
		{622110FE-97A5-4016-A24D-E169EE2E5B00}.Debug|Any CPU.Build.0 = Debug|Any CPU
		{622110FE-97A5-4016-A24D-E169EE2E5B00}.Release|Any CPU.ActiveCfg = Release|Any CPU
		{622110FE-97A5-4016-A24D-E169EE2E5B00}.Release|Any CPU.Build.0 = Release|Any CPU
		{E59444C0-1E4E-4B78-9536-6B6A35832284}.Debug|Any CPU.ActiveCfg = Debug|Any CPU
		{E59444C0-1E4E-4B78-9536-6B6A35832284}.Debug|Any CPU.Build.0 = Debug|Any CPU
		{E59444C0-1E4E-4B78-9536-6B6A35832284}.Release|Any CPU.ActiveCfg = Release|Any CPU
		{E59444C0-1E4E-4B78-9536-6B6A35832284}.Release|Any CPU.Build.0 = Release|Any CPU
		{2B0339B8-A623-413F-8DB9-959C4458D7D0}.Debug|Any CPU.ActiveCfg = Debug|Any CPU
		{2B0339B8-A623-413F-8DB9-959C4458D7D0}.Debug|Any CPU.Build.0 = Debug|Any CPU
		{2B0339B8-A623-413F-8DB9-959C4458D7D0}.Release|Any CPU.ActiveCfg = Release|Any CPU
		{2B0339B8-A623-413F-8DB9-959C4458D7D0}.Release|Any CPU.Build.0 = Release|Any CPU
		{B2FACEDE-6AD1-4075-8FCC-8D84F05C8384}.Debug|Any CPU.ActiveCfg = Debug|Any CPU
		{B2FACEDE-6AD1-4075-8FCC-8D84F05C8384}.Debug|Any CPU.Build.0 = Debug|Any CPU
		{B2FACEDE-6AD1-4075-8FCC-8D84F05C8384}.Release|Any CPU.ActiveCfg = Release|Any CPU
		{B2FACEDE-6AD1-4075-8FCC-8D84F05C8384}.Release|Any CPU.Build.0 = Release|Any CPU
		{2617416D-7044-433A-A89E-D99A6723D154}.Debug|Any CPU.ActiveCfg = Debug|Any CPU
		{2617416D-7044-433A-A89E-D99A6723D154}.Debug|Any CPU.Build.0 = Debug|Any CPU
		{2617416D-7044-433A-A89E-D99A6723D154}.Release|Any CPU.ActiveCfg = Release|Any CPU
		{2617416D-7044-433A-A89E-D99A6723D154}.Release|Any CPU.Build.0 = Release|Any CPU
		{4962DBEE-876A-4BF6-9BBB-E4AB74C8DC8B}.Debug|Any CPU.ActiveCfg = Debug|Any CPU
		{4962DBEE-876A-4BF6-9BBB-E4AB74C8DC8B}.Debug|Any CPU.Build.0 = Debug|Any CPU
		{4962DBEE-876A-4BF6-9BBB-E4AB74C8DC8B}.Release|Any CPU.ActiveCfg = Release|Any CPU
		{4962DBEE-876A-4BF6-9BBB-E4AB74C8DC8B}.Release|Any CPU.Build.0 = Release|Any CPU
		{09570066-0B0A-422E-B8A0-7CF1200F834C}.Debug|Any CPU.ActiveCfg = Debug|Any CPU
		{09570066-0B0A-422E-B8A0-7CF1200F834C}.Debug|Any CPU.Build.0 = Debug|Any CPU
		{09570066-0B0A-422E-B8A0-7CF1200F834C}.Release|Any CPU.ActiveCfg = Release|Any CPU
		{09570066-0B0A-422E-B8A0-7CF1200F834C}.Release|Any CPU.Build.0 = Release|Any CPU
		{867032B6-F2E5-4DA9-9204-28008BF4FE7B}.Debug|Any CPU.ActiveCfg = Debug|Any CPU
		{867032B6-F2E5-4DA9-9204-28008BF4FE7B}.Debug|Any CPU.Build.0 = Debug|Any CPU
		{867032B6-F2E5-4DA9-9204-28008BF4FE7B}.Release|Any CPU.ActiveCfg = Release|Any CPU
		{867032B6-F2E5-4DA9-9204-28008BF4FE7B}.Release|Any CPU.Build.0 = Release|Any CPU
		{DEE8C8E2-B789-444F-8D20-0F11BE91B8FF}.Debug|Any CPU.ActiveCfg = Debug|Any CPU
		{DEE8C8E2-B789-444F-8D20-0F11BE91B8FF}.Debug|Any CPU.Build.0 = Debug|Any CPU
		{DEE8C8E2-B789-444F-8D20-0F11BE91B8FF}.Release|Any CPU.ActiveCfg = Release|Any CPU
		{DEE8C8E2-B789-444F-8D20-0F11BE91B8FF}.Release|Any CPU.Build.0 = Release|Any CPU
		{A8D5F480-291B-4AD2-8BB2-A73606A9BCBA}.Debug|Any CPU.ActiveCfg = Debug|Any CPU
		{A8D5F480-291B-4AD2-8BB2-A73606A9BCBA}.Debug|Any CPU.Build.0 = Debug|Any CPU
		{A8D5F480-291B-4AD2-8BB2-A73606A9BCBA}.Release|Any CPU.ActiveCfg = Release|Any CPU
		{A8D5F480-291B-4AD2-8BB2-A73606A9BCBA}.Release|Any CPU.Build.0 = Release|Any CPU
		{EEB5E76C-7684-4D69-9279-4ED3E09E6076}.Debug|Any CPU.ActiveCfg = Debug|Any CPU
		{EEB5E76C-7684-4D69-9279-4ED3E09E6076}.Debug|Any CPU.Build.0 = Debug|Any CPU
		{EEB5E76C-7684-4D69-9279-4ED3E09E6076}.Release|Any CPU.ActiveCfg = Release|Any CPU
		{EEB5E76C-7684-4D69-9279-4ED3E09E6076}.Release|Any CPU.Build.0 = Release|Any CPU
		{0DC47269-70A3-47E9-A048-3DAC9F107C9A}.Debug|Any CPU.ActiveCfg = Debug|Any CPU
		{0DC47269-70A3-47E9-A048-3DAC9F107C9A}.Debug|Any CPU.Build.0 = Debug|Any CPU
		{0DC47269-70A3-47E9-A048-3DAC9F107C9A}.Release|Any CPU.ActiveCfg = Release|Any CPU
		{0DC47269-70A3-47E9-A048-3DAC9F107C9A}.Release|Any CPU.Build.0 = Release|Any CPU
		{FFF302C1-DA7A-4DF2-9542-B2B2C3E4703E}.Debug|Any CPU.ActiveCfg = Debug|Any CPU
		{FFF302C1-DA7A-4DF2-9542-B2B2C3E4703E}.Debug|Any CPU.Build.0 = Debug|Any CPU
		{FFF302C1-DA7A-4DF2-9542-B2B2C3E4703E}.Release|Any CPU.ActiveCfg = Release|Any CPU
		{FFF302C1-DA7A-4DF2-9542-B2B2C3E4703E}.Release|Any CPU.Build.0 = Release|Any CPU
		{4D4334B7-D9D4-42EE-98BF-9A5B2A5230A3}.Debug|Any CPU.ActiveCfg = Debug|Any CPU
		{4D4334B7-D9D4-42EE-98BF-9A5B2A5230A3}.Debug|Any CPU.Build.0 = Debug|Any CPU
		{4D4334B7-D9D4-42EE-98BF-9A5B2A5230A3}.Release|Any CPU.ActiveCfg = Release|Any CPU
		{4D4334B7-D9D4-42EE-98BF-9A5B2A5230A3}.Release|Any CPU.Build.0 = Release|Any CPU
		{ADDCCF29-18F1-40AC-8BF7-D64659CBE849}.Debug|Any CPU.ActiveCfg = Debug|Any CPU
		{ADDCCF29-18F1-40AC-8BF7-D64659CBE849}.Debug|Any CPU.Build.0 = Debug|Any CPU
		{ADDCCF29-18F1-40AC-8BF7-D64659CBE849}.Release|Any CPU.ActiveCfg = Release|Any CPU
		{ADDCCF29-18F1-40AC-8BF7-D64659CBE849}.Release|Any CPU.Build.0 = Release|Any CPU
		{DA42E5AF-B2CF-4976-8749-825615605CB0}.Debug|Any CPU.ActiveCfg = Debug|Any CPU
		{DA42E5AF-B2CF-4976-8749-825615605CB0}.Debug|Any CPU.Build.0 = Debug|Any CPU
		{DA42E5AF-B2CF-4976-8749-825615605CB0}.Release|Any CPU.ActiveCfg = Release|Any CPU
		{DA42E5AF-B2CF-4976-8749-825615605CB0}.Release|Any CPU.Build.0 = Release|Any CPU
		{24869E2B-1DF1-4D44-B855-4227C088288E}.Debug|Any CPU.ActiveCfg = Debug|Any CPU
		{24869E2B-1DF1-4D44-B855-4227C088288E}.Debug|Any CPU.Build.0 = Debug|Any CPU
		{24869E2B-1DF1-4D44-B855-4227C088288E}.Release|Any CPU.ActiveCfg = Release|Any CPU
		{24869E2B-1DF1-4D44-B855-4227C088288E}.Release|Any CPU.Build.0 = Release|Any CPU
		{78D9C5FD-6C10-45EC-8D2F-40BB3E90B4B4}.Debug|Any CPU.ActiveCfg = Debug|Any CPU
		{78D9C5FD-6C10-45EC-8D2F-40BB3E90B4B4}.Debug|Any CPU.Build.0 = Debug|Any CPU
		{78D9C5FD-6C10-45EC-8D2F-40BB3E90B4B4}.Release|Any CPU.ActiveCfg = Release|Any CPU
		{78D9C5FD-6C10-45EC-8D2F-40BB3E90B4B4}.Release|Any CPU.Build.0 = Release|Any CPU
		{57E63364-0376-45CA-8932-E0BBF7B2AAD3}.Debug|Any CPU.ActiveCfg = Debug|Any CPU
		{57E63364-0376-45CA-8932-E0BBF7B2AAD3}.Debug|Any CPU.Build.0 = Debug|Any CPU
		{57E63364-0376-45CA-8932-E0BBF7B2AAD3}.Release|Any CPU.ActiveCfg = Release|Any CPU
		{57E63364-0376-45CA-8932-E0BBF7B2AAD3}.Release|Any CPU.Build.0 = Release|Any CPU
		{15CADBDB-0805-4D72-8864-2085C8529FC0}.Debug|Any CPU.ActiveCfg = Debug|Any CPU
		{15CADBDB-0805-4D72-8864-2085C8529FC0}.Debug|Any CPU.Build.0 = Debug|Any CPU
		{15CADBDB-0805-4D72-8864-2085C8529FC0}.Release|Any CPU.ActiveCfg = Release|Any CPU
		{15CADBDB-0805-4D72-8864-2085C8529FC0}.Release|Any CPU.Build.0 = Release|Any CPU
		{3370646E-CD71-4544-A7DC-0F6958AFD8B0}.Debug|Any CPU.ActiveCfg = Debug|Any CPU
		{3370646E-CD71-4544-A7DC-0F6958AFD8B0}.Debug|Any CPU.Build.0 = Debug|Any CPU
		{3370646E-CD71-4544-A7DC-0F6958AFD8B0}.Release|Any CPU.ActiveCfg = Release|Any CPU
		{3370646E-CD71-4544-A7DC-0F6958AFD8B0}.Release|Any CPU.Build.0 = Release|Any CPU
		{5B73E38F-63C4-4FAD-B793-F07D05821811}.Debug|Any CPU.ActiveCfg = Debug|Any CPU
		{5B73E38F-63C4-4FAD-B793-F07D05821811}.Debug|Any CPU.Build.0 = Debug|Any CPU
		{5B73E38F-63C4-4FAD-B793-F07D05821811}.Release|Any CPU.ActiveCfg = Release|Any CPU
		{5B73E38F-63C4-4FAD-B793-F07D05821811}.Release|Any CPU.Build.0 = Release|Any CPU
		{06461FC2-2344-491D-9F8E-DC51314B4E8C}.Debug|Any CPU.ActiveCfg = Debug|Any CPU
		{06461FC2-2344-491D-9F8E-DC51314B4E8C}.Debug|Any CPU.Build.0 = Debug|Any CPU
		{06461FC2-2344-491D-9F8E-DC51314B4E8C}.Release|Any CPU.ActiveCfg = Release|Any CPU
		{06461FC2-2344-491D-9F8E-DC51314B4E8C}.Release|Any CPU.Build.0 = Release|Any CPU
		{DD4AEE3D-F03E-461E-B0C3-D1CEB0D59389}.Debug|Any CPU.ActiveCfg = Debug|Any CPU
		{DD4AEE3D-F03E-461E-B0C3-D1CEB0D59389}.Debug|Any CPU.Build.0 = Debug|Any CPU
		{DD4AEE3D-F03E-461E-B0C3-D1CEB0D59389}.Release|Any CPU.ActiveCfg = Release|Any CPU
		{DD4AEE3D-F03E-461E-B0C3-D1CEB0D59389}.Release|Any CPU.Build.0 = Release|Any CPU
		{68A4B277-2E7A-48DC-8CDE-29BC66DC04FD}.Debug|Any CPU.ActiveCfg = Debug|Any CPU
		{68A4B277-2E7A-48DC-8CDE-29BC66DC04FD}.Debug|Any CPU.Build.0 = Debug|Any CPU
		{68A4B277-2E7A-48DC-8CDE-29BC66DC04FD}.Release|Any CPU.ActiveCfg = Release|Any CPU
		{68A4B277-2E7A-48DC-8CDE-29BC66DC04FD}.Release|Any CPU.Build.0 = Release|Any CPU
		{8F751924-4497-4977-8291-F93BCF598D9D}.Debug|Any CPU.ActiveCfg = Debug|Any CPU
		{8F751924-4497-4977-8291-F93BCF598D9D}.Debug|Any CPU.Build.0 = Debug|Any CPU
		{8F751924-4497-4977-8291-F93BCF598D9D}.Release|Any CPU.ActiveCfg = Release|Any CPU
		{8F751924-4497-4977-8291-F93BCF598D9D}.Release|Any CPU.Build.0 = Release|Any CPU
	EndGlobalSection
EndGlobal
